NeoBundleLock MacVimSmartGUITabs 37a5b8e517dfa6306ba3b7d05be1cdf4264d3855
NeoBundleLock VimAutoMakeDirectory 6230fcbf9056aa32592ea72f784a55a56962f1e9
NeoBundleLock VimCleanColors 621b8cffa48b548b0ffa3c7088dd4f543e68798a
NeoBundleLock YouCompleteMe 6d6e2344f84f51e20dfc096698a9c94b2a27396c
NeoBundleLock ack.vim 923507cadc0b8b73b238db67a28a7ed00194f319
NeoBundleLock auto-pairs b647ef54cd2d991d5221b97fb5dbb3c0477fdc64
NeoBundleLock base16-vim e711e9b1412b55fec7e8a5cff4ac5c06f9078729
NeoBundleLock ctrlp.vim f2effdc86abf172d6562ec589fa1aa2c8f136a08
NeoBundleLock dash.vim 8dc25d544d567a86e00a97df1afe92caad3dfbfb
NeoBundleLock editorconfig-vim bc414d13ee38bbb1fca99d02c7adabd94f4cc78b
NeoBundleLock ghcmod-vim 7e5f6102aa709244f5d4cedec807eac4b901c4cb
NeoBundleLock neco-ghc a45f4f98ee3f25eaa64a39328c253d4f78cd5fda
NeoBundleLock neobundle.vim cf8107e036e8c2d513afc2e12333dfb09c1fcc2e
NeoBundleLock nerdtree af85499edace2acca27ce41790ac333f62b689bb
NeoBundleLock swift.vim 8f4b96453cf56674a3e5285c2b46305aa0bedeef
NeoBundleLock syntastic 0470fff0c5b5aff50118b35deb730779bb41c39d
NeoBundleLock tabular 60f25648814f0695eeb6c1040d97adca93c4e0bb
NeoBundleLock tagbar 7b36c46d17d57db34fdb0adac9ba6382d0bb5e66
NeoBundleLock vim-airline 67de5f2257f8d5def7a31e3009d4298ce977cb80
NeoBundleLock vim-carthage 339c718935af63e55c603feefeb2c16f5dfd1569
NeoBundleLock vim-commentary 9c685131a5facfa0d643feca3a61b41c007d8170
NeoBundleLock vim-expand-region 966513543de0ddc2d673b5528a056269e7917276
NeoBundleLock vim-fugitive b319b694539017dcd789dc2c42f784a30d7b28b8
NeoBundleLock vim-git 36126609572d95e93cc8b06f73670fbbf3a3736a
NeoBundleLock vim-markdown 409c37b205afa2f9d590e23de8171482d66770e2
NeoBundleLock vim-nerdtree-tabs 0decec122e9bb3e9328b01fa20a9650e79cc6ca7
NeoBundleLock vim-rsi dfc5288097b83d1eb3173d8be348a11f3d467d8e
NeoBundleLock vim-surround 772ab9587b7d1e2c3bae75395c9123803059ba8a
NeoBundleLock vim-tmux-navigator 176452ead44118174ddad3502709a247d9c24bb4
NeoBundleLock vim2hs f2afd55704bfe0a2d66e6b270d247e9b8a7b1664
NeoBundleLock vimproc.vim c286dcbdfca9e0ee1a4cb90f09c3f03638112f5a
NeoBundleLock vitality.vim 4bb8c078c3a9a23f8af5db1dd95832faa802a1a9
